
Microsoft Visual Studio Solution File, Format Version 12.00
# Visual Studio Version 17
VisualStudioVersion = 17.0.31903.59
MinimumVisualStudioVersion = 10.0.40219.1
Project("{FAE04EC0-301F-11D3-BF4B-00C04F79EFBC}") = "eUseControl.Web", "eUseControl.Web\eUseControl.Web.csproj", "{60390072-F176-4826-9CB7-BE665816E410}"
EndProject
Project("{FAE04EC0-301F-11D3-BF4B-00C04F79EFBC}") = "eUseControl.Domain", "eUseControl.Domain\eUseControl.Domain.csproj", "{0A3605F4-8731-4C36-A0A7-FA547834B522}"
EndProject
Project("{FAE04EC0-301F-11D3-BF4B-00C04F79EFBC}") = "eUseControl.BusinessLogic", "eUseControl.BusinessLogic\eUseControl.BusinessLogic.csproj", "{037C1128-DD60-45B6-8A4C-41A11B189C20}"
EndProject
Project("{FAE04EC0-301F-11D3-BF4B-00C04F79EFBC}") = "eUseControl.Helpers", "eUseControl.Helpers\eUseControl.Helpers.csproj", "{2B74E770-C0B6-4C4C-9207-B3A49A6ED0ED}"
EndProject
Global
	GlobalSection(SolutionConfigurationPlatforms) = preSolution
		Debug|Any CPU = Debug|Any CPU
		Debug|x64 = Debug|x64
		Debug|x86 = Debug|x86
		Release|Any CPU = Release|Any CPU
		Release|x64 = Release|x64
		Release|x86 = Release|x86
	EndGlobalSection
	GlobalSection(ProjectConfigurationPlatforms) = postSolution
		{60390072-F176-4826-9CB7-BE665816E410}.Debug|Any CPU.ActiveCfg = Debug|Any CPU
		{60390072-F176-4826-9CB7-BE665816E410}.Debug|Any CPU.Build.0 = Debug|Any CPU
		{60390072-F176-4826-9CB7-BE665816E410}.Debug|x64.ActiveCfg = Debug|Any CPU
		{60390072-F176-4826-9CB7-BE665816E410}.Debug|x64.Build.0 = Debug|Any CPU
		{60390072-F176-4826-9CB7-BE665816E410}.Debug|x86.ActiveCfg = Debug|Any CPU
		{60390072-F176-4826-9CB7-BE665816E410}.Debug|x86.Build.0 = Debug|Any CPU
		{60390072-F176-4826-9CB7-BE665816E410}.Release|Any CPU.ActiveCfg = Release|Any CPU
		{60390072-F176-4826-9CB7-BE665816E410}.Release|Any CPU.Build.0 = Release|Any CPU
		{60390072-F176-4826-9CB7-BE665816E410}.Release|x64.ActiveCfg = Release|Any CPU
		{60390072-F176-4826-9CB7-BE665816E410}.Release|x64.Build.0 = Release|Any CPU
		{60390072-F176-4826-9CB7-BE665816E410}.Release|x86.ActiveCfg = Release|Any CPU
		{60390072-F176-4826-9CB7-BE665816E410}.Release|x86.Build.0 = Release|Any CPU
		{0A3605F4-8731-4C36-A0A7-FA547834B522}.Debug|Any CPU.ActiveCfg = Debug|Any CPU
		{0A3605F4-8731-4C36-A0A7-FA547834B522}.Debug|Any CPU.Build.0 = Debug|Any CPU
		{0A3605F4-8731-4C36-A0A7-FA547834B522}.Debug|x64.ActiveCfg = Debug|Any CPU
		{0A3605F4-8731-4C36-A0A7-FA547834B522}.Debug|x64.Build.0 = Debug|Any CPU
		{0A3605F4-8731-4C36-A0A7-FA547834B522}.Debug|x86.ActiveCfg = Debug|Any CPU
		{0A3605F4-8731-4C36-A0A7-FA547834B522}.Debug|x86.Build.0 = Debug|Any CPU
		{0A3605F4-8731-4C36-A0A7-FA547834B522}.Release|Any CPU.ActiveCfg = Release|Any CPU
		{0A3605F4-8731-4C36-A0A7-FA547834B522}.Release|Any CPU.Build.0 = Release|Any CPU
		{0A3605F4-8731-4C36-A0A7-FA547834B522}.Release|x64.ActiveCfg = Release|Any CPU
		{0A3605F4-8731-4C36-A0A7-FA547834B522}.Release|x64.Build.0 = Release|Any CPU
		{0A3605F4-8731-4C36-A0A7-FA547834B522}.Release|x86.ActiveCfg = Release|Any CPU
		{0A3605F4-8731-4C36-A0A7-FA547834B522}.Release|x86.Build.0 = Release|Any CPU
		{037C1128-DD60-45B6-8A4C-41A11B189C20}.Debug|Any CPU.ActiveCfg = Debug|Any CPU
		{037C1128-DD60-45B6-8A4C-41A11B189C20}.Debug|Any CPU.Build.0 = Debug|Any CPU
		{037C1128-DD60-45B6-8A4C-41A11B189C20}.Debug|x64.ActiveCfg = Debug|Any CPU
		{037C1128-DD60-45B6-8A4C-41A11B189C20}.Debug|x64.Build.0 = Debug|Any CPU
		{037C1128-DD60-45B6-8A4C-41A11B189C20}.Debug|x86.ActiveCfg = Debug|Any CPU
		{037C1128-DD60-45B6-8A4C-41A11B189C20}.Debug|x86.Build.0 = Debug|Any CPU
		{037C1128-DD60-45B6-8A4C-41A11B189C20}.Release|Any CPU.ActiveCfg = Release|Any CPU
		{037C1128-DD60-45B6-8A4C-41A11B189C20}.Release|Any CPU.Build.0 = Release|Any CPU
		{037C1128-DD60-45B6-8A4C-41A11B189C20}.Release|x64.ActiveCfg = Release|Any CPU
		{037C1128-DD60-45B6-8A4C-41A11B189C20}.Release|x64.Build.0 = Release|Any CPU
		{037C1128-DD60-45B6-8A4C-41A11B189C20}.Release|x86.ActiveCfg = Release|Any CPU
		{037C1128-DD60-45B6-8A4C-41A11B189C20}.Release|x86.Build.0 = Release|Any CPU
		{2B74E770-C0B6-4C4C-9207-B3A49A6ED0ED}.Debug|Any CPU.ActiveCfg = Debug|Any CPU
		{2B74E770-C0B6-4C4C-9207-B3A49A6ED0ED}.Debug|Any CPU.Build.0 = Debug|Any CPU
		{2B74E770-C0B6-4C4C-9207-B3A49A6ED0ED}.Debug|x64.ActiveCfg = Debug|Any CPU
		{2B74E770-C0B6-4C4C-9207-B3A49A6ED0ED}.Debug|x64.Build.0 = Debug|Any CPU
		{2B74E770-C0B6-4C4C-9207-B3A49A6ED0ED}.Debug|x86.ActiveCfg = Debug|Any CPU
		{2B74E770-C0B6-4C4C-9207-B3A49A6ED0ED}.Debug|x86.Build.0 = Debug|Any CPU
		{2B74E770-C0B6-4C4C-9207-B3A49A6ED0ED}.Release|Any CPU.ActiveCfg = Release|Any CPU
		{2B74E770-C0B6-4C4C-9207-B3A49A6ED0ED}.Release|Any CPU.Build.0 = Release|Any CPU
		{2B74E770-C0B6-4C4C-9207-B3A49A6ED0ED}.Release|x64.ActiveCfg = Release|Any CPU
		{2B74E770-C0B6-4C4C-9207-B3A49A6ED0ED}.Release|x64.Build.0 = Release|Any CPU
		{2B74E770-C0B6-4C4C-9207-B3A49A6ED0ED}.Release|x86.ActiveCfg = Release|Any CPU
		{2B74E770-C0B6-4C4C-9207-B3A49A6ED0ED}.Release|x86.Build.0 = Release|Any CPU
	EndGlobalSection
	GlobalSection(SolutionProperties) = preSolution
		HideSolutionNode = FALSE
	EndGlobalSection
	GlobalSection(ExtensibilityGlobals) = postSolution
		SolutionGuid = {F005EAE0-8767-4DE5-A05D-3810EFDE56DD}
	EndGlobalSection
EndGlobal
