
Microsoft Visual Studio Solution File, Format Version 12.00
# Visual Studio Version 17
VisualStudioVersion = 17.0.31903.59
MinimumVisualStudioVersion = 10.0.40219.1
Project("{FAE04EC0-301F-11D3-BF4B-00C04F79EFBC}") = "Frame.Web", "Frame.Web\Frame.Web.csproj", "{E954E068-03E8-4BA1-B133-836C13E1A65F}"
EndProject
Project("{FAE04EC0-301F-11D3-BF4B-00C04F79EFBC}") = "Frame.BusinessLogic", "Frame.BusinessLogic\Frame.BusinessLogic.csproj", "{769B11EA-EEB2-46A8-83E3-62256D0B37AB}"
EndProject
Project("{FAE04EC0-301F-11D3-BF4B-00C04F79EFBC}") = "Frame.Domain", "Frame.Domain\Frame.Domain.csproj", "{B74A8197-DEB9-4CD8-A2A3-AA1364D0ECD3}"
EndProject
Global
	GlobalSection(SolutionConfigurationPlatforms) = preSolution
		Debug|Any CPU = Debug|Any CPU
		Debug|x64 = Debug|x64
		Debug|x86 = Debug|x86
		Release|Any CPU = Release|Any CPU
		Release|x64 = Release|x64
		Release|x86 = Release|x86
	EndGlobalSection
	GlobalSection(ProjectConfigurationPlatforms) = postSolution
		{E954E068-03E8-4BA1-B133-836C13E1A65F}.Debug|Any CPU.ActiveCfg = Debug|Any CPU
		{E954E068-03E8-4BA1-B133-836C13E1A65F}.Debug|Any CPU.Build.0 = Debug|Any CPU
		{E954E068-03E8-4BA1-B133-836C13E1A65F}.Debug|x64.ActiveCfg = Debug|Any CPU
		{E954E068-03E8-4BA1-B133-836C13E1A65F}.Debug|x64.Build.0 = Debug|Any CPU
		{E954E068-03E8-4BA1-B133-836C13E1A65F}.Debug|x86.ActiveCfg = Debug|Any CPU
		{E954E068-03E8-4BA1-B133-836C13E1A65F}.Debug|x86.Build.0 = Debug|Any CPU
		{E954E068-03E8-4BA1-B133-836C13E1A65F}.Release|Any CPU.ActiveCfg = Release|Any CPU
		{E954E068-03E8-4BA1-B133-836C13E1A65F}.Release|Any CPU.Build.0 = Release|Any CPU
		{E954E068-03E8-4BA1-B133-836C13E1A65F}.Release|x64.ActiveCfg = Release|Any CPU
		{E954E068-03E8-4BA1-B133-836C13E1A65F}.Release|x64.Build.0 = Release|Any CPU
		{E954E068-03E8-4BA1-B133-836C13E1A65F}.Release|x86.ActiveCfg = Release|Any CPU
		{E954E068-03E8-4BA1-B133-836C13E1A65F}.Release|x86.Build.0 = Release|Any CPU
		{769B11EA-EEB2-46A8-83E3-62256D0B37AB}.Debug|Any CPU.ActiveCfg = Debug|Any CPU
		{769B11EA-EEB2-46A8-83E3-62256D0B37AB}.Debug|Any CPU.Build.0 = Debug|Any CPU
		{769B11EA-EEB2-46A8-83E3-62256D0B37AB}.Debug|x64.ActiveCfg = Debug|Any CPU
		{769B11EA-EEB2-46A8-83E3-62256D0B37AB}.Debug|x64.Build.0 = Debug|Any CPU
		{769B11EA-EEB2-46A8-83E3-62256D0B37AB}.Debug|x86.ActiveCfg = Debug|Any CPU
		{769B11EA-EEB2-46A8-83E3-62256D0B37AB}.Debug|x86.Build.0 = Debug|Any CPU
		{769B11EA-EEB2-46A8-83E3-62256D0B37AB}.Release|Any CPU.ActiveCfg = Release|Any CPU
		{769B11EA-EEB2-46A8-83E3-62256D0B37AB}.Release|Any CPU.Build.0 = Release|Any CPU
		{769B11EA-EEB2-46A8-83E3-62256D0B37AB}.Release|x64.ActiveCfg = Release|Any CPU
		{769B11EA-EEB2-46A8-83E3-62256D0B37AB}.Release|x64.Build.0 = Release|Any CPU
		{769B11EA-EEB2-46A8-83E3-62256D0B37AB}.Release|x86.ActiveCfg = Release|Any CPU
		{769B11EA-EEB2-46A8-83E3-62256D0B37AB}.Release|x86.Build.0 = Release|Any CPU
		{B74A8197-DEB9-4CD8-A2A3-AA1364D0ECD3}.Debug|Any CPU.ActiveCfg = Debug|Any CPU
		{B74A8197-DEB9-4CD8-A2A3-AA1364D0ECD3}.Debug|Any CPU.Build.0 = Debug|Any CPU
		{B74A8197-DEB9-4CD8-A2A3-AA1364D0ECD3}.Debug|x64.ActiveCfg = Debug|Any CPU
		{B74A8197-DEB9-4CD8-A2A3-AA1364D0ECD3}.Debug|x64.Build.0 = Debug|Any CPU
		{B74A8197-DEB9-4CD8-A2A3-AA1364D0ECD3}.Debug|x86.ActiveCfg = Debug|Any CPU
		{B74A8197-DEB9-4CD8-A2A3-AA1364D0ECD3}.Debug|x86.Build.0 = Debug|Any CPU
		{B74A8197-DEB9-4CD8-A2A3-AA1364D0ECD3}.Release|Any CPU.ActiveCfg = Release|Any CPU
		{B74A8197-DEB9-4CD8-A2A3-AA1364D0ECD3}.Release|Any CPU.Build.0 = Release|Any CPU
		{B74A8197-DEB9-4CD8-A2A3-AA1364D0ECD3}.Release|x64.ActiveCfg = Release|Any CPU
		{B74A8197-DEB9-4CD8-A2A3-AA1364D0ECD3}.Release|x64.Build.0 = Release|Any CPU
		{B74A8197-DEB9-4CD8-A2A3-AA1364D0ECD3}.Release|x86.ActiveCfg = Release|Any CPU
		{B74A8197-DEB9-4CD8-A2A3-AA1364D0ECD3}.Release|x86.Build.0 = Release|Any CPU
	EndGlobalSection
	GlobalSection(SolutionProperties) = preSolution
		HideSolutionNode = FALSE
	EndGlobalSection
EndGlobal
